
Microsoft Visual Studio Solution File, Format Version 12.00
# Visual Studio Version 16
VisualStudioVersion = 16.0.30114.105
MinimumVisualStudioVersion = 10.0.40219.1
Project("{2150E333-8FDC-42A3-9474-1A3956D46DE8}") = "src", "src", "{A8185DB7-2BA9-47CC-B919-5A8190E508FD}"
EndProject
Project("{FAE04EC0-301F-11D3-BF4B-00C04F79EFBC}") = "GradeBook", "src\GradeBook\GradeBook.csproj", "{8F98BB2B-AF6A-483E-A33F-0F3ED6700DAE}"
EndProject
Project("{2150E333-8FDC-42A3-9474-1A3956D46DE8}") = "test", "test", "{0752C720-AF43-4D5B-B34C-9055FD6A06E0}"
EndProject
Project("{FAE04EC0-301F-11D3-BF4B-00C04F79EFBC}") = "GradeBook.Tests", "test\GradeBook.Tests\GradeBook.Tests.csproj", "{B28A29B1-67B8-41B2-B726-CCAF6D94793C}"
EndProject
Global
	GlobalSection(SolutionConfigurationPlatforms) = preSolution
		Debug|Any CPU = Debug|Any CPU
		Release|Any CPU = Release|Any CPU
	EndGlobalSection
	GlobalSection(SolutionProperties) = preSolution
		HideSolutionNode = FALSE
	EndGlobalSection
	GlobalSection(ProjectConfigurationPlatforms) = postSolution
		{8F98BB2B-AF6A-483E-A33F-0F3ED6700DAE}.Debug|Any CPU.ActiveCfg = Debug|Any CPU
		{8F98BB2B-AF6A-483E-A33F-0F3ED6700DAE}.Debug|Any CPU.Build.0 = Debug|Any CPU
		{8F98BB2B-AF6A-483E-A33F-0F3ED6700DAE}.Release|Any CPU.ActiveCfg = Release|Any CPU
		{8F98BB2B-AF6A-483E-A33F-0F3ED6700DAE}.Release|Any CPU.Build.0 = Release|Any CPU
		{B28A29B1-67B8-41B2-B726-CCAF6D94793C}.Debug|Any CPU.ActiveCfg = Debug|Any CPU
		{B28A29B1-67B8-41B2-B726-CCAF6D94793C}.Debug|Any CPU.Build.0 = Debug|Any CPU
		{B28A29B1-67B8-41B2-B726-CCAF6D94793C}.Release|Any CPU.ActiveCfg = Release|Any CPU
		{B28A29B1-67B8-41B2-B726-CCAF6D94793C}.Release|Any CPU.Build.0 = Release|Any CPU
	EndGlobalSection
	GlobalSection(NestedProjects) = preSolution
		{8F98BB2B-AF6A-483E-A33F-0F3ED6700DAE} = {A8185DB7-2BA9-47CC-B919-5A8190E508FD}
		{B28A29B1-67B8-41B2-B726-CCAF6D94793C} = {0752C720-AF43-4D5B-B34C-9055FD6A06E0}
	EndGlobalSection
EndGlobal
